Microsoft Visual Studio Solution File, Format Version 12.00
# Visual Studio 2012
Project("{FAE04EC0-301F-11D3-BF4B-00C04F79EFBC}") = "Zonbee", "Zonbee.csproj", "{ED269DFE-623D-416D-A65B-BC1A2972B6A4}"
EndProject
Global
	GlobalSection(SolutionConfigurationPlatforms) = preSolution
	Debug|Any CPU = Debug|Any CPU
	ExportDebug|Any CPU = ExportDebug|Any CPU
	ExportRelease|Any CPU = ExportRelease|Any CPU
	EndGlobalSection
	GlobalSection(ProjectConfigurationPlatforms) = postSolution
		{ED269DFE-623D-416D-A65B-BC1A2972B6A4}.Debug|Any CPU.ActiveCfg = Debug|Any CPU
		{ED269DFE-623D-416D-A65B-BC1A2972B6A4}.Debug|Any CPU.Build.0 = Debug|Any CPU
		{ED269DFE-623D-416D-A65B-BC1A2972B6A4}.ExportDebug|Any CPU.ActiveCfg = ExportDebug|Any CPU
		{ED269DFE-623D-416D-A65B-BC1A2972B6A4}.ExportDebug|Any CPU.Build.0 = ExportDebug|Any CPU
		{ED269DFE-623D-416D-A65B-BC1A2972B6A4}.ExportRelease|Any CPU.ActiveCfg = ExportRelease|Any CPU
		{ED269DFE-623D-416D-A65B-BC1A2972B6A4}.ExportRelease|Any CPU.Build.0 = ExportRelease|Any CPU
	EndGlobalSection
EndGlobal
